// !$*UTF8*$!
{
	archiveVersion = 1;
	classes = {
	};
	objectVersion = 48;
	objects = {

/* Begin PBXBuildFile section */
		88F0AAF62355542600539E1A /* AppDelegate.swift in Sources */ = {isa = PBXBuildFile; fileRef = 88F0AAF52355542600539E1A /* AppDelegate.swift */; };
		88F0AAF82355542600539E1A /* ViewController.swift in Sources */ = {isa = PBXBuildFile; fileRef = 88F0AAF72355542600539E1A /* ViewController.swift */; };
		88F0AAFB2355542600539E1A /* Main.storyboard in Resources */ = {isa = PBXBuildFile; fileRef = 88F0AAF92355542600539E1A /* Main.storyboard */; };
		88F0AAFD2355542600539E1A /* Assets.xcassets in Resources */ = {isa = PBXBuildFile; fileRef = 88F0AAFC2355542600539E1A /* Assets.xcassets */; };
		88F0AB002355542600539E1A /* LaunchScreen.storyboard in Resources */ = {isa = PBXBuildFile; fileRef = 88F0AAFE2355542600539E1A /* LaunchScreen.storyboard */; };
		88F0AB0B2355542600539E1A /* DemoTests.swift in Sources */ = {isa = PBXBuildFile; fileRef = 88F0AB0A2355542600539E1A /* DemoTests.swift */; };
		88F0AB162355542600539E1A /* DemoUITests.swift in Sources */ = {isa = PBXBuildFile; fileRef = 88F0AB152355542600539E1A /* DemoUITests.swift */; };
/* End PBXBuildFile section */

/* Begin PBXContainerItemProxy section */
		88F0AB072355542600539E1A /* PBXContainerItemProxy */ = {
			isa = PBXContainerItemProxy;
			containerPortal = 88F0AAEA2355542600539E1A /* Project object */;
			proxyType = 1;
			remoteGlobalIDString = 88F0AAF12355542600539E1A;
			remoteInfo = Demo;
		};
		88F0AB122355542600539E1A /* PBXContainerItemProxy */ = {
			isa = PBXContainerItemProxy;
			containerPortal = 88F0AAEA2355542600539E1A /* Project object */;
			proxyType = 1;
			remoteGlobalIDString = 88F0AAF12355542600539E1A;
			remoteInfo = Demo;
		};
/* End PBXContainerItemProxy section */

/* Begin PBXFileReference section */
		88F0AAF22355542600539E1A /* Demo.app */ = {isa = PBXFileReference; explicitFileType = wrapper.application; includeInIndex = 0; path = Demo.app; sourceTree = BUILT_PRODUCTS_DIR; };
		88F0AAF52355542600539E1A /* AppDelegate.swift */ = {isa = PBXFileReference; lastKnownFileType = sourcecode.swift; path = AppDelegate.swift; sourceTree = "<group>"; };
		88F0AAF72355542600539E1A /* ViewController.swift */ = {isa = PBXFileReference; lastKnownFileType = sourcecode.swift; path = ViewController.swift; sourceTree = "<group>"; };
		88F0AAFA2355542600539E1A /* Base */ = {isa = PBXFileReference; lastKnownFileType = file.storyboard; name = Base; path = Base.lproj/Main.storyboard; sourceTree = "<group>"; };
		88F0AAFC2355542600539E1A /* Assets.xcassets */ = {isa = PBXFileReference; lastKnownFileType = folder.assetcatalog; path = Assets.xcassets; sourceTree = "<group>"; };
		88F0AAFF2355542600539E1A /* Base */ = {isa = PBXFileReference; lastKnownFileType = file.storyboard; name = Base; path = Base.lproj/LaunchScreen.storyboard; sourceTree = "<group>"; };
		88F0AB012355542600539E1A /* Info.plist */ = {isa = PBXFileReference; lastKnownFileType = text.plist.xml; path = Info.plist; sourceTree = "<group>"; };
		88F0AB062355542600539E1A /* DemoTests.xctest */ = {isa = PBXFileReference; explicitFileType = wrapper.cfbundle; includeInIndex = 0; path = DemoTests.xctest; sourceTree = BUILT_PRODUCTS_DIR; };
		88F0AB0A2355542600539E1A /* DemoTests.swift */ = {isa = PBXFileReference; lastKnownFileType = sourcecode.swift; path = DemoTests.swift; sourceTree = "<group>"; };
		88F0AB0C2355542600539E1A /* Info.plist */ = {isa = PBXFileReference; lastKnownFileType = text.plist.xml; path = Info.plist; sourceTree = "<group>"; };
		88F0AB112355542600539E1A /* DemoUITests.xctest */ = {isa = PBXFileReference; explicitFileType = wrapper.cfbundle; includeInIndex = 0; path = DemoUITests.xctest; sourceTree = BUILT_PRODUCTS_DIR; };
		88F0AB152355542600539E1A /* DemoUITests.swift */ = {isa = PBXFileReference; lastKnownFileType = sourcecode.swift; path = DemoUITests.swift; sourceTree = "<group>"; };
		88F0AB172355542600539E1A /* Info.plist */ = {isa = PBXFileReference; lastKnownFileType = text.plist.xml; path = Info.plist; sourceTree = "<group>"; };
/* End PBXFileReference section */

/* Begin PBXFrameworksBuildPhase section */
		88F0AAEF2355542600539E1A /* Frameworks */ = {
			isa = PBXFrameworksBuildPhase;
			buildActionMask = 2147483647;
			files = (
			);
			runOnlyForDeploymentPostprocessing = 0;
		};
		88F0AB032355542600539E1A /* Frameworks */ = {
			isa = PBXFrameworksBuildPhase;
			buildActionMask = 2147483647;
			files = (
			);
			runOnlyForDeploymentPostprocessing = 0;
		};
		88F0AB0E2355542600539E1A /* Frameworks */ = {
			isa = PBXFrameworksBuildPhase;
			buildActionMask = 2147483647;
			files = (
			);
			runOnlyForDeploymentPostprocessing = 0;
		};
/* End PBXFrameworksBuildPhase section */

/* Begin PBXGroup section */
		88F0AAE92355542600539E1A = {
			isa = PBXGroup;
			children = (
				88F0AAF42355542600539E1A /* Demo */,
				88F0AB092355542600539E1A /* DemoTests */,
				88F0AB142355542600539E1A /* DemoUITests */,
				88F0AAF32355542600539E1A /* Products */,
			);
			sourceTree = "<group>";
		};
		88F0AAF32355542600539E1A /* Products */ = {
			isa = PBXGroup;
			children = (
				88F0AAF22355542600539E1A /* Demo.app */,
				88F0AB062355542600539E1A /* DemoTests.xctest */,
				88F0AB112355542600539E1A /* DemoUITests.xctest */,
			);
			name = Products;
			sourceTree = "<group>";
		};
		88F0AAF42355542600539E1A /* Demo */ = {
			isa = PBXGroup;
			children = (
				88F0AAF52355542600539E1A /* AppDelegate.swift */,
				88F0AAF72355542600539E1A /* ViewController.swift */,
				88F0AAF92355542600539E1A /* Main.storyboard */,
				88F0AAFC2355542600539E1A /* Assets.xcassets */,
				88F0AAFE2355542600539E1A /* LaunchScreen.storyboard */,
				88F0AB012355542600539E1A /* Info.plist */,
			);
			path = Demo;
			sourceTree = "<group>";
		};
		88F0AB092355542600539E1A /* DemoTests */ = {
			isa = PBXGroup;
			children = (
				88F0AB0A2355542600539E1A /* DemoTests.swift */,
				88F0AB0C2355542600539E1A /* Info.plist */,
			);
			path = DemoTests;
			sourceTree = "<group>";
		};
		88F0AB142355542600539E1A /* DemoUITests */ = {
			isa = PBXGroup;
			children = (
				88F0AB152355542600539E1A /* DemoUITests.swift */,
				88F0AB172355542600539E1A /* Info.plist */,
			);
			path = DemoUITests;
			sourceTree = "<group>";
		};
/* End PBXGroup section */

/* Begin PBXNativeTarget section */
		88F0AAF12355542600539E1A /* Demo */ = {
			isa = PBXNativeTarget;
			buildConfigurationList = 88F0AB1A2355542600539E1A /* Build configuration list for PBXNativeTarget "Demo" */;
			buildPhases = (
				88F0AAEE2355542600539E1A /* Sources */,
				88F0AAEF2355542600539E1A /* Frameworks */,
				88F0AAF02355542600539E1A /* Resources */,
			);
			buildRules = (
			);
			dependencies = (
			);
			name = Demo;
			productName = Demo;
			productReference = 88F0AAF22355542600539E1A /* Demo.app */;
			productType = "com.apple.product-type.application";
		};
		88F0AB052355542600539E1A /* DemoTests */ = {
			isa = PBXNativeTarget;
			buildConfigurationList = 88F0AB1D2355542600539E1A /* Build configuration list for PBXNativeTarget "DemoTests" */;
			buildPhases = (
				88F0AB022355542600539E1A /* Sources */,
				88F0AB032355542600539E1A /* Frameworks */,
				88F0AB042355542600539E1A /* Resources */,
			);
			buildRules = (
			);
			dependencies = (
				88F0AB082355542600539E1A /* PBXTargetDependency */,
			);
			name = DemoTests;
			productName = DemoTests;
			productReference = 88F0AB062355542600539E1A /* DemoTests.xctest */;
			productType = "com.apple.product-type.bundle.unit-test";
		};
		88F0AB102355542600539E1A /* DemoUITests */ = {
			isa = PBXNativeTarget;
			buildConfigurationList = 88F0AB202355542600539E1A /* Build configuration list for PBXNativeTarget "DemoUITests" */;
			buildPhases = (
				88F0AB0D2355542600539E1A /* Sources */,
				88F0AB0E2355542600539E1A /* Frameworks */,
				88F0AB0F2355542600539E1A /* Resources */,
			);
			buildRules = (
			);
			dependencies = (
				88F0AB132355542600539E1A /* PBXTargetDependency */,
			);
			name = DemoUITests;
			productName = DemoUITests;
			productReference = 88F0AB112355542600539E1A /* DemoUITests.xctest */;
			productType = "com.apple.product-type.bundle.ui-testing";
		};
/* End PBXNativeTarget section */

/* Begin PBXProject section */
		88F0AAEA2355542600539E1A /* Project object */ = {
			isa = PBXProject;
			attributes = {
				LastSwiftUpdateCheck = 0900;
				LastUpgradeCheck = 0900;
				ORGANIZATIONNAME = "linktech lintech";
				TargetAttributes = {
					88F0AAF12355542600539E1A = {
						CreatedOnToolsVersion = 9.0;
						ProvisioningStyle = Automatic;
					};
					88F0AB052355542600539E1A = {
						CreatedOnToolsVersion = 9.0;
						ProvisioningStyle = Automatic;
						TestTargetID = 88F0AAF12355542600539E1A;
					};
					88F0AB102355542600539E1A = {
						CreatedOnToolsVersion = 9.0;
						ProvisioningStyle = Automatic;
						TestTargetID = 88F0AAF12355542600539E1A;
					};
				};
			};
			buildConfigurationList = 88F0AAED2355542600539E1A /* Build configuration list for PBXProject "Demo" */;
			compatibilityVersion = "Xcode 8.0";
			developmentRegion = en;
			hasScannedForEncodings = 0;
			knownRegions = (
				en,
				Base,
			);
			mainGroup = 88F0AAE92355542600539E1A;
			productRefGroup = 88F0AAF32355542600539E1A /* Products */;
			projectDirPath = "";
			projectRoot = "";
			targets = (
				88F0AAF12355542600539E1A /* Demo */,
				88F0AB052355542600539E1A /* DemoTests */,
				88F0AB102355542600539E1A /* DemoUITests */,
			);
		};
/* End PBXProject section */

/* Begin PBXResourcesBuildPhase section */
		88F0AAF02355542600539E1A /* Resources */ = {
			isa = PBXResourcesBuildPhase;
			buildActionMask = 2147483647;
			files = (
				88F0AB002355542600539E1A /* LaunchScreen.storyboard in Resources */,
				88F0AAFD2355542600539E1A /* Assets.xcassets in Resources */,
				88F0AAFB2355542600539E1A /* Main.storyboard in Resources */,
			);
			runOnlyForDeploymentPostprocessing = 0;
		};
		88F0AB042355542600539E1A /* Resources */ = {
			isa = PBXResourcesBuildPhase;
			buildActionMask = 2147483647;
			files = (
			);
			runOnlyForDeploymentPostprocessing = 0;
		};
		88F0AB0F2355542600539E1A /* Resources */ = {
			isa = PBXResourcesBuildPhase;
			buildActionMask = 2147483647;
			files = (
			);
			runOnlyForDeploymentPostprocessing = 0;
		};
/* End PBXResourcesBuildPhase section */

/* Begin PBXSourcesBuildPhase section */
		88F0AAEE2355542600539E1A /* Sources */ = {
			isa = PBXSourcesBuildPhase;
			buildActionMask = 2147483647;
			files = (
				88F0AAF82355542600539E1A /* ViewController.swift in Sources */,
				88F0AAF62355542600539E1A /* AppDelegate.swift in Sources */,
			);
			runOnlyForDeploymentPostprocessing = 0;
		};
		88F0AB022355542600539E1A /* Sources */ = {
			isa = PBXSourcesBuildPhase;
			buildActionMask = 2147483647;
			files = (
				88F0AB0B2355542600539E1A /* DemoTests.swift in Sources */,
			);
			runOnlyForDeploymentPostprocessing = 0;
		};
		88F0AB0D2355542600539E1A /* Sources */ = {
			isa = PBXSourcesBuildPhase;
			buildActionMask = 2147483647;
			files = (
				88F0AB162355542600539E1A /* DemoUITests.swift in Sources */,
			);
			runOnlyForDeploymentPostprocessing = 0;
		};
/* End PBXSourcesBuildPhase section */

/* Begin PBXTargetDependency section */
		88F0AB082355542600539E1A /* PBXTargetDependency */ = {
			isa = PBXTargetDependency;
			target = 88F0AAF12355542600539E1A /* Demo */;
			targetProxy = 88F0AB072355542600539E1A /* PBXContainerItemProxy */;
		};
		88F0AB132355542600539E1A /* PBXTargetDependency */ = {
			isa = PBXTargetDependency;
			target = 88F0AAF12355542600539E1A /* Demo */;
			targetProxy = 88F0AB122355542600539E1A /* PBXContainerItemProxy */;
		};
/* End PBXTargetDependency section */

/* Begin PBXVariantGroup section */
		88F0AAF92355542600539E1A /* Main.storyboard */ = {
			isa = PBXVariantGroup;
			children = (
				88F0AAFA2355542600539E1A /* Base */,
			);
			name = Main.storyboard;
			sourceTree = "<group>";
		};
		88F0AAFE2355542600539E1A /* LaunchScreen.storyboard */ = {
			isa = PBXVariantGroup;
			children = (
				88F0AAFF2355542600539E1A /* Base */,
			);
			name = LaunchScreen.storyboard;
			sourceTree = "<group>";
		};
/* End PBXVariantGroup section */

/* Begin XCBuildConfiguration section */
		88F0AB182355542600539E1A /* Debug */ = {
			isa = XCBuildConfiguration;
			buildSettings = {
				ALWAYS_SEARCH_USER_PATHS = NO;
				CLANG_ANALYZER_NONNULL = YES;
				CLANG_ANALYZER_NUMBER_OBJECT_CONVERSION = YES_AGGRESSIVE;
				CLANG_CXX_LANGUAGE_STANDARD = "gnu++14";
				CLANG_CXX_LIBRARY = "libc++";
				CLANG_ENABLE_MODULES = YES;
				CLANG_ENABLE_OBJC_ARC = YES;
				CLANG_WARN_BLOCK_CAPTURE_AUTORELEASING = YES;
				CLANG_WARN_BOOL_CONVERSION = YES;
				CLANG_WARN_COMMA = YES;
				CLANG_WARN_CONSTANT_CONVERSION = YES;
				CLANG_WARN_DIRECT_OBJC_ISA_USAGE = YES_ERROR;
				CLANG_WARN_DOCUMENTATION_COMMENTS = YES;
				CLANG_WARN_EMPTY_BODY = YES;
				CLANG_WARN_ENUM_CONVERSION = YES;
				CLANG_WARN_INFINITE_RECURSION = YES;
				CLANG_WARN_INT_CONVERSION = YES;
				CLANG_WARN_NON_LITERAL_NULL_CONVERSION = YES;
				CLANG_WARN_OBJC_LITERAL_CONVERSION = YES;
				CLANG_WARN_OBJC_ROOT_CLASS = YES_ERROR;
				CLANG_WARN_RANGE_LOOP_ANALYSIS = YES;
				CLANG_WARN_STRICT_PROTOTYPES = YES;
				CLANG_WARN_SUSPICIOUS_MOVE = YES;
				CLANG_WARN_UNGUARDED_AVAILABILITY = YES_AGGRESSIVE;
				CLANG_WARN_UNREACHABLE_CODE = YES;
				CLANG_WARN__DUPLICATE_METHOD_MATCH = YES;
				CODE_SIGN_IDENTITY = "iPhone Developer";
				COPY_PHASE_STRIP = NO;
				DEBUG_INFORMATION_FORMAT = dwarf;
				ENABLE_STRICT_OBJC_MSGSEND = YES;
				ENABLE_TESTABILITY = YES;
				GCC_C_LANGUAGE_STANDARD = gnu11;
				GCC_DYNAMIC_NO_PIC = NO;
				GCC_NO_COMMON_BLOCKS = YES;
				GCC_OPTIMIZATION_LEVEL = 0;
				GCC_PREPROCESSOR_DEFINITIONS = (
					"DEBUG=1",
					"$(inherited)",
				);
				GCC_WARN_64_TO_32_BIT_CONVERSION = YES;
				GCC_WARN_ABOUT_RETURN_TYPE = YES_ERROR;
				GCC_WARN_UNDECLARED_SELECTOR = YES;
				GCC_WARN_UNINITIALIZED_AUTOS = YES_AGGRESSIVE;
				GCC_WARN_UNUSED_FUNCTION = YES;
				GCC_WARN_UNUSED_VARIABLE = YES;
				IPHONEOS_DEPLOYMENT_TARGET = 11.0;
				MTL_ENABLE_DEBUG_INFO = YES;
				ONLY_ACTIVE_ARCH = YES;
				SDKROOT = iphoneos;
				SWIFT_ACTIVE_COMPILATION_CONDITIONS = DEBUG;
				SWIFT_OPTIMIZATION_LEVEL = "-Onone";
			};
			name = Debug;
		};
		88F0AB192355542600539E1A /* Release */ = {
			isa = XCBuildConfiguration;
			buildSettings = {
				ALWAYS_SEARCH_USER_PATHS = NO;
				CLANG_ANALYZER_NONNULL = YES;
				CLANG_ANALYZER_NUMBER_OBJECT_CONVERSION = YES_AGGRESSIVE;
				CLANG_CXX_LANGUAGE_STANDARD = "gnu++14";
				CLANG_CXX_LIBRARY = "libc++";
				CLANG_ENABLE_MODULES = YES;
				CLANG_ENABLE_OBJC_ARC = YES;
				CLANG_WARN_BLOCK_CAPTURE_AUTORELEASING = YES;
				CLANG_WARN_BOOL_CONVERSION = YES;
				CLANG_WARN_COMMA = YES;
				CLANG_WARN_CONSTANT_CONVERSION = YES;
				CLANG_WARN_DIRECT_OBJC_ISA_USAGE = YES_ERROR;
				CLANG_WARN_DOCUMENTATION_COMMENTS = YES;
				CLANG_WARN_EMPTY_BODY = YES;
				CLANG_WARN_ENUM_CONVERSION = YES;
				CLANG_WARN_INFINITE_RECURSION = YES;
				CLANG_WARN_INT_CONVERSION = YES;
				CLANG_WARN_NON_LITERAL_NULL_CONVERSION = YES;
				CLANG_WARN_OBJC_LITERAL_CONVERSION = YES;
				CLANG_WARN_OBJC_ROOT_CLASS = YES_ERROR;
				CLANG_WARN_RANGE_LOOP_ANALYSIS = YES;
				CLANG_WARN_STRICT_PROTOTYPES = YES;
				CLANG_WARN_SUSPICIOUS_MOVE = YES;
				CLANG_WARN_UNGUARDED_AVAILABILITY = YES_AGGRESSIVE;
				CLANG_WARN_UNREACHABLE_CODE = YES;
				CLANG_WARN__DUPLICATE_METHOD_MATCH = YES;
				CODE_SIGN_IDENTITY = "iPhone Developer";
				COPY_PHASE_STRIP = NO;
				DEBUG_INFORMATION_FORMAT = "dwarf-with-dsym";
				ENABLE_NS_ASSERTIONS = NO;
				ENABLE_STRICT_OBJC_MSGSEND = YES;
				GCC_C_LANGUAGE_STANDARD = gnu11;
				GCC_NO_COMMON_BLOCKS = YES;
				GCC_WARN_64_TO_32_BIT_CONVERSION = YES;
				GCC_WARN_ABOUT_RETURN_TYPE = YES_ERROR;
				GCC_WARN_UNDECLARED_SELECTOR = YES;
				GCC_WARN_UNINITIALIZED_AUTOS = YES_AGGRESSIVE;
				GCC_WARN_UNUSED_FUNCTION = YES;
				GCC_WARN_UNUSED_VARIABLE = YES;
				IPHONEOS_DEPLOYMENT_TARGET = 11.0;
				MTL_ENABLE_DEBUG_INFO = NO;
				SDKROOT = iphoneos;
				SWIFT_OPTIMIZATION_LEVEL = "-Owholemodule";
				VALIDATE_PRODUCT = YES;
			};
			name = Release;
		};
		88F0AB1B2355542600539E1A /* Debug */ = {
			isa = XCBuildConfiguration;
			buildSettings = {
				ASSETCATALOG_COMPILER_APPICON_NAME = AppIcon;
				CODE_SIGN_STYLE = Automatic;
				INFOPLIST_FILE = Demo/Info.plist;
				LD_RUNPATH_SEARCH_PATHS = "$(inherited) @executable_path/Frameworks";
				PRODUCT_BUNDLE_IDENTIFIER = "Linktech-tw.Demo";
				PRODUCT_NAME = "$(TARGET_NAME)";
				SWIFT_VERSION = 4.0;
				TARGETED_DEVICE_FAMILY = "1,2";
			};
			name = Debug;
		};
		88F0AB1C2355542600539E1A /* Release */ = {
			isa = XCBuildConfiguration;
			buildSettings = {
				ASSETCATALOG_COMPILER_APPICON_NAME = AppIcon;
				CODE_SIGN_STYLE = Automatic;
				INFOPLIST_FILE = Demo/Info.plist;
				LD_RUNPATH_SEARCH_PATHS = "$(inherited) @executable_path/Frameworks";
				PRODUCT_BUNDLE_IDENTIFIER = "Linktech-tw.Demo";
				PRODUCT_NAME = "$(TARGET_NAME)";
				SWIFT_VERSION = 4.0;
				TARGETED_DEVICE_FAMILY = "1,2";
			};
			name = Release;
		};
		88F0AB1E2355542600539E1A /* Debug */ = {
			isa = XCBuildConfiguration;
			buildSettings = {
				ALWAYS_EMBED_SWIFT_STANDARD_LIBRARIES = YES;
				BUNDLE_LOADER = "$(TEST_HOST)";
				CODE_SIGN_STYLE = Automatic;
				INFOPLIST_FILE = DemoTests/Info.plist;
				LD_RUNPATH_SEARCH_PATHS = "$(inherited) @executable_path/Frameworks @loader_path/Frameworks";
				PRODUCT_BUNDLE_IDENTIFIER = "Linktech-tw.DemoTests";
				PRODUCT_NAME = "$(TARGET_NAME)";
				SWIFT_VERSION = 4.0;
				TARGETED_DEVICE_FAMILY = "1,2";
				TEST_HOST = "$(BUILT_PRODUCTS_DIR)/Demo.app/Demo";
			};
			name = Debug;
		};
		88F0AB1F2355542600539E1A /* Release */ = {
			isa = XCBuildConfiguration;
			buildSettings = {
				ALWAYS_EMBED_SWIFT_STANDARD_LIBRARIES = YES;
				BUNDLE_LOADER = "$(TEST_HOST)";
				CODE_SIGN_STYLE = Automatic;
				INFOPLIST_FILE = DemoTests/Info.plist;
				LD_RUNPATH_SEARCH_PATHS = "$(inherited) @executable_path/Frameworks @loader_path/Frameworks";
				PRODUCT_BUNDLE_IDENTIFIER = "Linktech-tw.DemoTests";
				PRODUCT_NAME = "$(TARGET_NAME)";
				SWIFT_VERSION = 4.0;
				TARGETED_DEVICE_FAMILY = "1,2";
				TEST_HOST = "$(BUILT_PRODUCTS_DIR)/Demo.app/Demo";
			};
			name = Release;
		};
		88F0AB212355542600539E1A /* Debug */ = {
			isa = XCBuildConfiguration;
			buildSettings = {
				ALWAYS_EMBED_SWIFT_STANDARD_LIBRARIES = YES;
				CODE_SIGN_STYLE = Automatic;
				INFOPLIST_FILE = DemoUITests/Info.plist;
				LD_RUNPATH_SEARCH_PATHS = "$(inherited) @executable_path/Frameworks @loader_path/Frameworks";
				PRODUCT_BUNDLE_IDENTIFIER = "Linktech-tw.DemoUITests";
				PRODUCT_NAME = "$(TARGET_NAME)";
				SWIFT_VERSION = 4.0;
				TARGETED_DEVICE_FAMILY = "1,2";
				TEST_TARGET_NAME = Demo;
			};
			name = Debug;
		};
		88F0AB222355542600539E1A /* Release */ = {
			isa = XCBuildConfiguration;
			buildSettings = {
				ALWAYS_EMBED_SWIFT_STANDARD_LIBRARIES = YES;
				CODE_SIGN_STYLE = Automatic;
				INFOPLIST_FILE = DemoUITests/Info.plist;
				LD_RUNPATH_SEARCH_PATHS = "$(inherited) @executable_path/Frameworks @loader_path/Frameworks";
				PRODUCT_BUNDLE_IDENTIFIER = "Linktech-tw.DemoUITests";
				PRODUCT_NAME = "$(TARGET_NAME)";
				SWIFT_VERSION = 4.0;
				TARGETED_DEVICE_FAMILY = "1,2";
				TEST_TARGET_NAME = Demo;
			};
			name = Release;
		};
/* End XCBuildConfiguration section */

/* Begin XCConfigurationList section */
		88F0AAED2355542600539E1A /* Build configuration list for PBXProject "Demo" */ = {
			isa = XCConfigurationList;
			buildConfigurations = (
				88F0AB182355542600539E1A /* Debug */,
				88F0AB192355542600539E1A /* Release */,
			);
			defaultConfigurationIsVisible = 0;
			defaultConfigurationName = Release;
		};
		88F0AB1A2355542600539E1A /* Build configuration list for PBXNativeTarget "Demo" */ = {
			isa = XCConfigurationList;
			buildConfigurations = (
				88F0AB1B2355542600539E1A /* Debug */,
				88F0AB1C2355542600539E1A /* Release */,
			);
			defaultConfigurationIsVisible = 0;
			defaultConfigurationName = Release;
		};
		88F0AB1D2355542600539E1A /* Build configuration list for PBXNativeTarget "DemoTests" */ = {
			isa = XCConfigurationList;
			buildConfigurations = (
				88F0AB1E2355542600539E1A /* Debug */,
				88F0AB1F2355542600539E1A /* Release */,
			);
			defaultConfigurationIsVisible = 0;
			defaultConfigurationName = Release;
		};
		88F0AB202355542600539E1A /* Build configuration list for PBXNativeTarget "DemoUITests" */ = {
			isa = XCConfigurationList;
			buildConfigurations = (
				88F0AB212355542600539E1A /* Debug */,
				88F0AB222355542600539E1A /* Release */,
			);
			defaultConfigurationIsVisible = 0;
			defaultConfigurationName = Release;
		};
/* End XCConfigurationList section */
	};
	rootObject = 88F0AAEA2355542600539E1A /* Project object */;
}
